
Microsoft Visual Studio Solution File, Format Version 12.00
# Visual Studio Version 16
VisualStudioVersion = 16.0.32802.440
MinimumVisualStudioVersion = 10.0.40219.1
Project("{FAE04EC0-301F-11D3-BF4B-00C04F79EFBC}") = "AgileTask", "AgileTask.csproj", "{0B0BBF6D-05E9-4801-B121-71A84D2EB37F}"
EndProject
Global
	GlobalSection(SolutionConfigurationPlatforms) = preSolution
		Debug|Any CPU = Debug|Any CPU
		Release|Any CPU = Release|Any CPU
	EndGlobalSection
	GlobalSection(ProjectConfigurationPlatforms) = postSolution
		{0B0BBF6D-05E9-4801-B121-71A84D2EB37F}.Debug|Any CPU.ActiveCfg = Debug|Any CPU
		{0B0BBF6D-05E9-4801-B121-71A84D2EB37F}.Debug|Any CPU.Build.0 = Debug|Any CPU
		{0B0BBF6D-05E9-4801-B121-71A84D2EB37F}.Release|Any CPU.ActiveCfg = Release|Any CPU
		{0B0BBF6D-05E9-4801-B121-71A84D2EB37F}.Release|Any CPU.Build.0 = Release|Any CPU
	EndGlobalSection
	GlobalSection(SolutionProperties) = preSolution
		HideSolutionNode = FALSE
	EndGlobalSection
	GlobalSection(ExtensibilityGlobals) = postSolution
		SolutionGuid = {C04CA8A9-895A-4295-8A13-47F6E471B24D}
	EndGlobalSection
EndGlobal
